
Microsoft Visual Studio Solution File, Format Version 12.00
# Visual Studio 15
VisualStudioVersion = 15.0.27130.2010
MinimumVisualStudioVersion = 10.0.40219.1
Project("{FAE04EC0-301F-11D3-BF4B-00C04F79EFBC}") = "1.NestedLoopsRecursion", "NestedLoopsRecursion\1.NestedLoopsRecursion.csproj", "{8C4BEB66-325B-4F49-A3E8-35EB131B21C7}"
EndProject
Project("{FAE04EC0-301F-11D3-BF4B-00C04F79EFBC}") = "2.CombinationsWithDuplicates", "CombinationsWithDuplicates\2.CombinationsWithDuplicates.csproj", "{EE9220BB-1FDF-4388-A74B-16D8A3BE9934}"
EndProject
Project("{FAE04EC0-301F-11D3-BF4B-00C04F79EFBC}") = "3.SkipDuplicates", "3.SkipDuplicates\3.SkipDuplicates.csproj", "{6B7D5833-9F49-400D-8FBE-78FB1E2EF628}"
EndProject
Project("{FAE04EC0-301F-11D3-BF4B-00C04F79EFBC}") = "5.Variations", "Variations\5.Variations.csproj", "{E5261DD2-3DF5-451F-88F7-87FDC8A4C3AD}"
EndProject
Project("{FAE04EC0-301F-11D3-BF4B-00C04F79EFBC}") = "4.Permutations", "4.Permutations\4.Permutations.csproj", "{8619FD0D-2DAC-4DC8-AD94-9524CA851105}"
EndProject
Project("{FAE04EC0-301F-11D3-BF4B-00C04F79EFBC}") = "6.AllSubsets", "6.AllSubsets\6.AllSubsets.csproj", "{79EFF237-62B1-4D2D-B705-9CEB603C716E}"
EndProject
Project("{FAE04EC0-301F-11D3-BF4B-00C04F79EFBC}") = "7.PathFinder", "7.PathFinder\7.PathFinder.csproj", "{603F0EF6-74CD-4994-9563-5CAEE7E818FB}"
EndProject
Global
	GlobalSection(SolutionConfigurationPlatforms) = preSolution
		Debug|Any CPU = Debug|Any CPU
		Release|Any CPU = Release|Any CPU
	EndGlobalSection
	GlobalSection(ProjectConfigurationPlatforms) = postSolution
		{8C4BEB66-325B-4F49-A3E8-35EB131B21C7}.Debug|Any CPU.ActiveCfg = Debug|Any CPU
		{8C4BEB66-325B-4F49-A3E8-35EB131B21C7}.Debug|Any CPU.Build.0 = Debug|Any CPU
		{8C4BEB66-325B-4F49-A3E8-35EB131B21C7}.Release|Any CPU.ActiveCfg = Release|Any CPU
		{8C4BEB66-325B-4F49-A3E8-35EB131B21C7}.Release|Any CPU.Build.0 = Release|Any CPU
		{EE9220BB-1FDF-4388-A74B-16D8A3BE9934}.Debug|Any CPU.ActiveCfg = Debug|Any CPU
		{EE9220BB-1FDF-4388-A74B-16D8A3BE9934}.Debug|Any CPU.Build.0 = Debug|Any CPU
		{EE9220BB-1FDF-4388-A74B-16D8A3BE9934}.Release|Any CPU.ActiveCfg = Release|Any CPU
		{EE9220BB-1FDF-4388-A74B-16D8A3BE9934}.Release|Any CPU.Build.0 = Release|Any CPU
		{6B7D5833-9F49-400D-8FBE-78FB1E2EF628}.Debug|Any CPU.ActiveCfg = Debug|Any CPU
		{6B7D5833-9F49-400D-8FBE-78FB1E2EF628}.Debug|Any CPU.Build.0 = Debug|Any CPU
		{6B7D5833-9F49-400D-8FBE-78FB1E2EF628}.Release|Any CPU.ActiveCfg = Release|Any CPU
		{6B7D5833-9F49-400D-8FBE-78FB1E2EF628}.Release|Any CPU.Build.0 = Release|Any CPU
		{E5261DD2-3DF5-451F-88F7-87FDC8A4C3AD}.Debug|Any CPU.ActiveCfg = Debug|Any CPU
		{E5261DD2-3DF5-451F-88F7-87FDC8A4C3AD}.Debug|Any CPU.Build.0 = Debug|Any CPU
		{E5261DD2-3DF5-451F-88F7-87FDC8A4C3AD}.Release|Any CPU.ActiveCfg = Release|Any CPU
		{E5261DD2-3DF5-451F-88F7-87FDC8A4C3AD}.Release|Any CPU.Build.0 = Release|Any CPU
		{8619FD0D-2DAC-4DC8-AD94-9524CA851105}.Debug|Any CPU.ActiveCfg = Debug|Any CPU
		{8619FD0D-2DAC-4DC8-AD94-9524CA851105}.Debug|Any CPU.Build.0 = Debug|Any CPU
		{8619FD0D-2DAC-4DC8-AD94-9524CA851105}.Release|Any CPU.ActiveCfg = Release|Any CPU
		{8619FD0D-2DAC-4DC8-AD94-9524CA851105}.Release|Any CPU.Build.0 = Release|Any CPU
		{79EFF237-62B1-4D2D-B705-9CEB603C716E}.Debug|Any CPU.ActiveCfg = Debug|Any CPU
		{79EFF237-62B1-4D2D-B705-9CEB603C716E}.Debug|Any CPU.Build.0 = Debug|Any CPU
		{79EFF237-62B1-4D2D-B705-9CEB603C716E}.Release|Any CPU.ActiveCfg = Release|Any CPU
		{79EFF237-62B1-4D2D-B705-9CEB603C716E}.Release|Any CPU.Build.0 = Release|Any CPU
		{603F0EF6-74CD-4994-9563-5CAEE7E818FB}.Debug|Any CPU.ActiveCfg = Debug|Any CPU
		{603F0EF6-74CD-4994-9563-5CAEE7E818FB}.Debug|Any CPU.Build.0 = Debug|Any CPU
		{603F0EF6-74CD-4994-9563-5CAEE7E818FB}.Release|Any CPU.ActiveCfg = Release|Any CPU
		{603F0EF6-74CD-4994-9563-5CAEE7E818FB}.Release|Any CPU.Build.0 = Release|Any CPU
	EndGlobalSection
	GlobalSection(SolutionProperties) = preSolution
		HideSolutionNode = FALSE
	EndGlobalSection
	GlobalSection(ExtensibilityGlobals) = postSolution
		SolutionGuid = {B101F407-4917-45CA-9600-0FA0156252F1}
	EndGlobalSection
EndGlobal
